
Microsoft Visual Studio Solution File, Format Version 12.00
# Visual Studio Version 17
VisualStudioVersion = 17.6.33815.320
MinimumVisualStudioVersion = 10.0.40219.1
Project("{FAE04EC0-301F-11D3-BF4B-00C04F79EFBC}") = "rev", "rev\rev.csproj", "{F03F4495-E8A2-4624-A379-AA71E920E717}"
EndProject
Global
	GlobalSection(SolutionConfigurationPlatforms) = preSolution
		Debug|Any CPU = Debug|Any CPU
		Release|Any CPU = Release|Any CPU
	EndGlobalSection
	GlobalSection(ProjectConfigurationPlatforms) = postSolution
		{F03F4495-E8A2-4624-A379-AA71E920E717}.Debug|Any CPU.ActiveCfg = Debug|Any CPU
		{F03F4495-E8A2-4624-A379-AA71E920E717}.Debug|Any CPU.Build.0 = Debug|Any CPU
		{F03F4495-E8A2-4624-A379-AA71E920E717}.Release|Any CPU.ActiveCfg = Release|Any CPU
		{F03F4495-E8A2-4624-A379-AA71E920E717}.Release|Any CPU.Build.0 = Release|Any CPU
	EndGlobalSection
	GlobalSection(SolutionProperties) = preSolution
		HideSolutionNode = FALSE
	EndGlobalSection
	GlobalSection(ExtensibilityGlobals) = postSolution
		SolutionGuid = {842639FF-7AD3-43FD-986B-EE59BF0F090B}
	EndGlobalSection
EndGlobal
